{
  "name": "image11-landing",
  "version": "1.0.0",
  "lockfileVersion": 3,
  "requires": true,
  "packages": {
    "": {
      "name": "image11-landing",
      "version": "1.0.0",
      "dependencies": {
        "@neondatabase/serverless": "^1.0.2",
        "botid": "^1.5.11"
      }
    },
    "node_modules/@neondatabase/serverless": {
      "version": "1.1.0",
      "resolved": "https://registry.npmjs.org/@neondatabase/serverless/-/serverless-1.1.0.tgz",
      "integrity": "sha512-r3ZZhRjEcfEdKIZnoB1RusNgvHuaBRqfCzV4Gi+5A9yUX0S4HTws/ASWqt13wL4y4I+0rqsWGdA2w7EQXHi3+Q==",
      "license": "MIT",
      "engines": {
        "node": ">=19.0.0"
      }
    },
    "node_modules/botid": {
      "version": "1.5.11",
      "resolved": "https://registry.npmjs.org/botid/-/botid-1.5.11.tgz",
      "integrity": "sha512-KOO1A3+/vFVJk5aFoG3sNwiogKFPVR+x4aw4gQ1b2e0XoE+i5xp48/EZn+WqR07jRHeDGwHWQUOtV5WVm7xiww==",
      "peerDependencies": {
        "next": "*",
        "react": "^18.0.0 || ^19.0.0"
      },
      "peerDependenciesMeta": {
        "next": {
          "optional": true
        },
        "react": {
          "optional": true
        }
      }
    }
  }
}
